// !$*UTF8*$!
{
	archiveVersion = 1;
	classes = {
	};
	objectVersion = 50;
	objects = {

/* Begin PBXBuildFile section */
		9707A29922FE066500662F77 /* AppDelegate.swift in Sources */ = {isa = PBXBuildFile; fileRef = 9707A29822FE066500662F77 /* AppDelegate.swift */; };
		9707A29B22FE066500662F77 /* ViewController.swift in Sources */ = {isa = PBXBuildFile; fileRef = 9707A29A22FE066500662F77 /* ViewController.swift */; };
		9707A29E22FE066500662F77 /* Main.storyboard in Resources */ = {isa = PBXBuildFile; fileRef = 9707A29C22FE066500662F77 /* Main.storyboard */; };
		9707A2A122FE066500662F77 /* practice_for_text_outlets_and_actions.xcdatamodeld in Sources */ = {isa = PBXBuildFile; fileRef = 9707A29F22FE066500662F77 /* practice_for_text_outlets_and_actions.xcdatamodeld */; };
		9707A2A322FE066700662F77 /* Assets.xcassets in Resources */ = {isa = PBXBuildFile; fileRef = 9707A2A222FE066700662F77 /* Assets.xcassets */; };
		9707A2A622FE066700662F77 /* LaunchScreen.storyboard in Resources */ = {isa = PBXBuildFile; fileRef = 9707A2A422FE066700662F77 /* LaunchScreen.storyboard */; };
		9707A2B122FE066700662F77 /* practice_for_text_outlets_and_actionsTests.swift in Sources */ = {isa = PBXBuildFile; fileRef = 9707A2B022FE066700662F77 /* practice_for_text_outlets_and_actionsTests.swift */; };
		9707A2BC22FE066700662F77 /* practice_for_text_outlets_and_actionsUITests.swift in Sources */ = {isa = PBXBuildFile; fileRef = 9707A2BB22FE066700662F77 /* practice_for_text_outlets_and_actionsUITests.swift */; };
/* End PBXBuildFile section */

/* Begin PBXContainerItemProxy section */
		9707A2AD22FE066700662F77 /* PBXContainerItemProxy */ = {
			isa = PBXContainerItemProxy;
			containerPortal = 9707A28D22FE066500662F77 /* Project object */;
			proxyType = 1;
			remoteGlobalIDString = 9707A29422FE066500662F77;
			remoteInfo = "practice for text outlets and actions";
		};
		9707A2B822FE066700662F77 /* PBXContainerItemProxy */ = {
			isa = PBXContainerItemProxy;
			containerPortal = 9707A28D22FE066500662F77 /* Project object */;
			proxyType = 1;
			remoteGlobalIDString = 9707A29422FE066500662F77;
			remoteInfo = "practice for text outlets and actions";
		};
/* End PBXContainerItemProxy section */

/* Begin PBXFileReference section */
		9707A29522FE066500662F77 /* practice for text outlets and actions.app */ = {isa = PBXFileReference; explicitFileType = wrapper.application; includeInIndex = 0; path = "practice for text outlets and actions.app"; sourceTree = BUILT_PRODUCTS_DIR; };
		9707A29822FE066500662F77 /* AppDelegate.swift */ = {isa = PBXFileReference; lastKnownFileType = sourcecode.swift; path = AppDelegate.swift; sourceTree = "<group>"; };
		9707A29A22FE066500662F77 /* ViewController.swift */ = {isa = PBXFileReference; lastKnownFileType = sourcecode.swift; path = ViewController.swift; sourceTree = "<group>"; };
		9707A29D22FE066500662F77 /* Base */ = {isa = PBXFileReference; lastKnownFileType = file.storyboard; name = Base; path = Base.lproj/Main.storyboard; sourceTree = "<group>"; };
		9707A2A022FE066500662F77 /* practice_for_text_outlets_and_actions.xcdatamodel */ = {isa = PBXFileReference; lastKnownFileType = wrapper.xcdatamodel; path = practice_for_text_outlets_and_actions.xcdatamodel; sourceTree = "<group>"; };
		9707A2A222FE066700662F77 /* Assets.xcassets */ = {isa = PBXFileReference; lastKnownFileType = folder.assetcatalog; path = Assets.xcassets; sourceTree = "<group>"; };
		9707A2A522FE066700662F77 /* Base */ = {isa = PBXFileReference; lastKnownFileType = file.storyboard; name = Base; path = Base.lproj/LaunchScreen.storyboard; sourceTree = "<group>"; };
		9707A2A722FE066700662F77 /* Info.plist */ = {isa = PBXFileReference; lastKnownFileType = text.plist.xml; path = Info.plist; sourceTree = "<group>"; };
		9707A2AC22FE066700662F77 /* practice for text outlets and actionsTests.xctest */ = {isa = PBXFileReference; explicitFileType = wrapper.cfbundle; includeInIndex = 0; path = "practice for text outlets and actionsTests.xctest"; sourceTree = BUILT_PRODUCTS_DIR; };
		9707A2B022FE066700662F77 /* practice_for_text_outlets_and_actionsTests.swift */ = {isa = PBXFileReference; lastKnownFileType = sourcecode.swift; path = practice_for_text_outlets_and_actionsTests.swift; sourceTree = "<group>"; };
		9707A2B222FE066700662F77 /* Info.plist */ = {isa = PBXFileReference; lastKnownFileType = text.plist.xml; path = Info.plist; sourceTree = "<group>"; };
		9707A2B722FE066700662F77 /* practice for text outlets and actionsUITests.xctest */ = {isa = PBXFileReference; explicitFileType = wrapper.cfbundle; includeInIndex = 0; path = "practice for text outlets and actionsUITests.xctest"; sourceTree = BUILT_PRODUCTS_DIR; };
		9707A2BB22FE066700662F77 /* practice_for_text_outlets_and_actionsUITests.swift */ = {isa = PBXFileReference; lastKnownFileType = sourcecode.swift; path = practice_for_text_outlets_and_actionsUITests.swift; sourceTree = "<group>"; };
		9707A2BD22FE066700662F77 /* Info.plist */ = {isa = PBXFileReference; lastKnownFileType = text.plist.xml; path = Info.plist; sourceTree = "<group>"; };
/* End PBXFileReference section */

/* Begin PBXFrameworksBuildPhase section */
		9707A29222FE066500662F77 /* Frameworks */ = {
			isa = PBXFrameworksBuildPhase;
			buildActionMask = 2147483647;
			files = (
			);
			runOnlyForDeploymentPostprocessing = 0;
		};
		9707A2A922FE066700662F77 /* Frameworks */ = {
			isa = PBXFrameworksBuildPhase;
			buildActionMask = 2147483647;
			files = (
			);
			runOnlyForDeploymentPostprocessing = 0;
		};
		9707A2B422FE066700662F77 /* Frameworks */ = {
			isa = PBXFrameworksBuildPhase;
			buildActionMask = 2147483647;
			files = (
			);
			runOnlyForDeploymentPostprocessing = 0;
		};
/* End PBXFrameworksBuildPhase section */

/* Begin PBXGroup section */
		9707A28C22FE066500662F77 = {
			isa = PBXGroup;
			children = (
				9707A29722FE066500662F77 /* practice for text outlets and actions */,
				9707A2AF22FE066700662F77 /* practice for text outlets and actionsTests */,
				9707A2BA22FE066700662F77 /* practice for text outlets and actionsUITests */,
				9707A29622FE066500662F77 /* Products */,
			);
			sourceTree = "<group>";
		};
		9707A29622FE066500662F77 /* Products */ = {
			isa = PBXGroup;
			children = (
				9707A29522FE066500662F77 /* practice for text outlets and actions.app */,
				9707A2AC22FE066700662F77 /* practice for text outlets and actionsTests.xctest */,
				9707A2B722FE066700662F77 /* practice for text outlets and actionsUITests.xctest */,
			);
			name = Products;
			sourceTree = "<group>";
		};
		9707A29722FE066500662F77 /* practice for text outlets and actions */ = {
			isa = PBXGroup;
			children = (
				9707A29822FE066500662F77 /* AppDelegate.swift */,
				9707A29A22FE066500662F77 /* ViewController.swift */,
				9707A29C22FE066500662F77 /* Main.storyboard */,
				9707A2A222FE066700662F77 /* Assets.xcassets */,
				9707A2A422FE066700662F77 /* LaunchScreen.storyboard */,
				9707A2A722FE066700662F77 /* Info.plist */,
				9707A29F22FE066500662F77 /* practice_for_text_outlets_and_actions.xcdatamodeld */,
			);
			path = "practice for text outlets and actions";
			sourceTree = "<group>";
		};
		9707A2AF22FE066700662F77 /* practice for text outlets and actionsTests */ = {
			isa = PBXGroup;
			children = (
				9707A2B022FE066700662F77 /* practice_for_text_outlets_and_actionsTests.swift */,
				9707A2B222FE066700662F77 /* Info.plist */,
			);
			path = "practice for text outlets and actionsTests";
			sourceTree = "<group>";
		};
		9707A2BA22FE066700662F77 /* practice for text outlets and actionsUITests */ = {
			isa = PBXGroup;
			children = (
				9707A2BB22FE066700662F77 /* practice_for_text_outlets_and_actionsUITests.swift */,
				9707A2BD22FE066700662F77 /* Info.plist */,
			);
			path = "practice for text outlets and actionsUITests";
			sourceTree = "<group>";
		};
/* End PBXGroup section */

/* Begin PBXNativeTarget section */
		9707A29422FE066500662F77 /* practice for text outlets and actions */ = {
			isa = PBXNativeTarget;
			buildConfigurationList = 9707A2C022FE066700662F77 /* Build configuration list for PBXNativeTarget "practice for text outlets and actions" */;
			buildPhases = (
				9707A29122FE066500662F77 /* Sources */,
				9707A29222FE066500662F77 /* Frameworks */,
				9707A29322FE066500662F77 /* Resources */,
			);
			buildRules = (
			);
			dependencies = (
			);
			name = "practice for text outlets and actions";
			productName = "practice for text outlets and actions";
			productReference = 9707A29522FE066500662F77 /* practice for text outlets and actions.app */;
			productType = "com.apple.product-type.application";
		};
		9707A2AB22FE066700662F77 /* practice for text outlets and actionsTests */ = {
			isa = PBXNativeTarget;
			buildConfigurationList = 9707A2C322FE066700662F77 /* Build configuration list for PBXNativeTarget "practice for text outlets and actionsTests" */;
			buildPhases = (
				9707A2A822FE066700662F77 /* Sources */,
				9707A2A922FE066700662F77 /* Frameworks */,
				9707A2AA22FE066700662F77 /* Resources */,
			);
			buildRules = (
			);
			dependencies = (
				9707A2AE22FE066700662F77 /* PBXTargetDependency */,
			);
			name = "practice for text outlets and actionsTests";
			productName = "practice for text outlets and actionsTests";
			productReference = 9707A2AC22FE066700662F77 /* practice for text outlets and actionsTests.xctest */;
			productType = "com.apple.product-type.bundle.unit-test";
		};
		9707A2B622FE066700662F77 /* practice for text outlets and actionsUITests */ = {
			isa = PBXNativeTarget;
			buildConfigurationList = 9707A2C622FE066700662F77 /* Build configuration list for PBXNativeTarget "practice for text outlets and actionsUITests" */;
			buildPhases = (
				9707A2B322FE066700662F77 /* Sources */,
				9707A2B422FE066700662F77 /* Frameworks */,
				9707A2B522FE066700662F77 /* Resources */,
			);
			buildRules = (
			);
			dependencies = (
				9707A2B922FE066700662F77 /* PBXTargetDependency */,
			);
			name = "practice for text outlets and actionsUITests";
			productName = "practice for text outlets and actionsUITests";
			productReference = 9707A2B722FE066700662F77 /* practice for text outlets and actionsUITests.xctest */;
			productType = "com.apple.product-type.bundle.ui-testing";
		};
/* End PBXNativeTarget section */

/* Begin PBXProject section */
		9707A28D22FE066500662F77 /* Project object */ = {
			isa = PBXProject;
			attributes = {
				LastSwiftUpdateCheck = 1020;
				LastUpgradeCheck = 1020;
				ORGANIZATIONNAME = Sivan;
				TargetAttributes = {
					9707A29422FE066500662F77 = {
						CreatedOnToolsVersion = 10.2.1;
					};
					9707A2AB22FE066700662F77 = {
						CreatedOnToolsVersion = 10.2.1;
						TestTargetID = 9707A29422FE066500662F77;
					};
					9707A2B622FE066700662F77 = {
						CreatedOnToolsVersion = 10.2.1;
						TestTargetID = 9707A29422FE066500662F77;
					};
				};
			};
			buildConfigurationList = 9707A29022FE066500662F77 /* Build configuration list for PBXProject "practice for text outlets and actions" */;
			compatibilityVersion = "Xcode 9.3";
			developmentRegion = en;
			hasScannedForEncodings = 0;
			knownRegions = (
				en,
				Base,
			);
			mainGroup = 9707A28C22FE066500662F77;
			productRefGroup = 9707A29622FE066500662F77 /* Products */;
			projectDirPath = "";
			projectRoot = "";
			targets = (
				9707A29422FE066500662F77 /* practice for text outlets and actions */,
				9707A2AB22FE066700662F77 /* practice for text outlets and actionsTests */,
				9707A2B622FE066700662F77 /* practice for text outlets and actionsUITests */,
			);
		};
/* End PBXProject section */

/* Begin PBXResourcesBuildPhase section */
		9707A29322FE066500662F77 /* Resources */ = {
			isa = PBXResourcesBuildPhase;
			buildActionMask = 2147483647;
			files = (
				9707A2A622FE066700662F77 /* LaunchScreen.storyboard in Resources */,
				9707A2A322FE066700662F77 /* Assets.xcassets in Resources */,
				9707A29E22FE066500662F77 /* Main.storyboard in Resources */,
			);
			runOnlyForDeploymentPostprocessing = 0;
		};
		9707A2AA22FE066700662F77 /* Resources */ = {
			isa = PBXResourcesBuildPhase;
			buildActionMask = 2147483647;
			files = (
			);
			runOnlyForDeploymentPostprocessing = 0;
		};
		9707A2B522FE066700662F77 /* Resources */ = {
			isa = PBXResourcesBuildPhase;
			buildActionMask = 2147483647;
			files = (
			);
			runOnlyForDeploymentPostprocessing = 0;
		};
/* End PBXResourcesBuildPhase section */

/* Begin PBXSourcesBuildPhase section */
		9707A29122FE066500662F77 /* Sources */ = {
			isa = PBXSourcesBuildPhase;
			buildActionMask = 2147483647;
			files = (
				9707A29B22FE066500662F77 /* ViewController.swift in Sources */,
				9707A29922FE066500662F77 /* AppDelegate.swift in Sources */,
				9707A2A122FE066500662F77 /* practice_for_text_outlets_and_actions.xcdatamodeld in Sources */,
			);
			runOnlyForDeploymentPostprocessing = 0;
		};
		9707A2A822FE066700662F77 /* Sources */ = {
			isa = PBXSourcesBuildPhase;
			buildActionMask = 2147483647;
			files = (
				9707A2B122FE066700662F77 /* practice_for_text_outlets_and_actionsTests.swift in Sources */,
			);
			runOnlyForDeploymentPostprocessing = 0;
		};
		9707A2B322FE066700662F77 /* Sources */ = {
			isa = PBXSourcesBuildPhase;
			buildActionMask = 2147483647;
			files = (
				9707A2BC22FE066700662F77 /* practice_for_text_outlets_and_actionsUITests.swift in Sources */,
			);
			runOnlyForDeploymentPostprocessing = 0;
		};
/* End PBXSourcesBuildPhase section */

/* Begin PBXTargetDependency section */
		9707A2AE22FE066700662F77 /* PBXTargetDependency */ = {
			isa = PBXTargetDependency;
			target = 9707A29422FE066500662F77 /* practice for text outlets and actions */;
			targetProxy = 9707A2AD22FE066700662F77 /* PBXContainerItemProxy */;
		};
		9707A2B922FE066700662F77 /* PBXTargetDependency */ = {
			isa = PBXTargetDependency;
			target = 9707A29422FE066500662F77 /* practice for text outlets and actions */;
			targetProxy = 9707A2B822FE066700662F77 /* PBXContainerItemProxy */;
		};
/* End PBXTargetDependency section */

/* Begin PBXVariantGroup section */
		9707A29C22FE066500662F77 /* Main.storyboard */ = {
			isa = PBXVariantGroup;
			children = (
				9707A29D22FE066500662F77 /* Base */,
			);
			name = Main.storyboard;
			sourceTree = "<group>";
		};
		9707A2A422FE066700662F77 /* LaunchScreen.storyboard */ = {
			isa = PBXVariantGroup;
			children = (
				9707A2A522FE066700662F77 /* Base */,
			);
			name = LaunchScreen.storyboard;
			sourceTree = "<group>";
		};
/* End PBXVariantGroup section */

/* Begin XCBuildConfiguration section */
		9707A2BE22FE066700662F77 /* Debug */ = {
			isa = XCBuildConfiguration;
			buildSettings = {
				ALWAYS_SEARCH_USER_PATHS = NO;
				CLANG_ANALYZER_NONNULL = YES;
				CLANG_ANALYZER_NUMBER_OBJECT_CONVERSION = YES_AGGRESSIVE;
				CLANG_CXX_LANGUAGE_STANDARD = "gnu++14";
				CLANG_CXX_LIBRARY = "libc++";
				CLANG_ENABLE_MODULES = YES;
				CLANG_ENABLE_OBJC_ARC = YES;
				CLANG_ENABLE_OBJC_WEAK = YES;
				CLANG_WARN_BLOCK_CAPTURE_AUTORELEASING = YES;
				CLANG_WARN_BOOL_CONVERSION = YES;
				CLANG_WARN_COMMA = YES;
				CLANG_WARN_CONSTANT_CONVERSION = YES;
				CLANG_WARN_DEPRECATED_OBJC_IMPLEMENTATIONS = YES;
				CLANG_WARN_DIRECT_OBJC_ISA_USAGE = YES_ERROR;
				CLANG_WARN_DOCUMENTATION_COMMENTS = YES;
				CLANG_WARN_EMPTY_BODY = YES;
				CLANG_WARN_ENUM_CONVERSION = YES;
				CLANG_WARN_INFINITE_RECURSION = YES;
				CLANG_WARN_INT_CONVERSION = YES;
				CLANG_WARN_NON_LITERAL_NULL_CONVERSION = YES;
				CLANG_WARN_OBJC_IMPLICIT_RETAIN_SELF = YES;
				CLANG_WARN_OBJC_LITERAL_CONVERSION = YES;
				CLANG_WARN_OBJC_ROOT_CLASS = YES_ERROR;
				CLANG_WARN_RANGE_LOOP_ANALYSIS = YES;
				CLANG_WARN_STRICT_PROTOTYPES = YES;
				CLANG_WARN_SUSPICIOUS_MOVE = YES;
				CLANG_WARN_UNGUARDED_AVAILABILITY = YES_AGGRESSIVE;
				CLANG_WARN_UNREACHABLE_CODE = YES;
				CLANG_WARN__DUPLICATE_METHOD_MATCH = YES;
				CODE_SIGN_IDENTITY = "iPhone Developer";
				COPY_PHASE_STRIP = NO;
				DEBUG_INFORMATION_FORMAT = dwarf;
				ENABLE_STRICT_OBJC_MSGSEND = YES;
				ENABLE_TESTABILITY = YES;
				GCC_C_LANGUAGE_STANDARD = gnu11;
				GCC_DYNAMIC_NO_PIC = NO;
				GCC_NO_COMMON_BLOCKS = YES;
				GCC_OPTIMIZATION_LEVEL = 0;
				GCC_PREPROCESSOR_DEFINITIONS = (
					"DEBUG=1",
					"$(inherited)",
				);
				GCC_WARN_64_TO_32_BIT_CONVERSION = YES;
				GCC_WARN_ABOUT_RETURN_TYPE = YES_ERROR;
				GCC_WARN_UNDECLARED_SELECTOR = YES;
				GCC_WARN_UNINITIALIZED_AUTOS = YES_AGGRESSIVE;
				GCC_WARN_UNUSED_FUNCTION = YES;
				GCC_WARN_UNUSED_VARIABLE = YES;
				IPHONEOS_DEPLOYMENT_TARGET = 12.2;
				MTL_ENABLE_DEBUG_INFO = INCLUDE_SOURCE;
				MTL_FAST_MATH = YES;
				ONLY_ACTIVE_ARCH = YES;
				SDKROOT = iphoneos;
				SWIFT_ACTIVE_COMPILATION_CONDITIONS = DEBUG;
				SWIFT_OPTIMIZATION_LEVEL = "-Onone";
			};
			name = Debug;
		};
		9707A2BF22FE066700662F77 /* Release */ = {
			isa = XCBuildConfiguration;
			buildSettings = {
				ALWAYS_SEARCH_USER_PATHS = NO;
				CLANG_ANALYZER_NONNULL = YES;
				CLANG_ANALYZER_NUMBER_OBJECT_CONVERSION = YES_AGGRESSIVE;
				CLANG_CXX_LANGUAGE_STANDARD = "gnu++14";
				CLANG_CXX_LIBRARY = "libc++";
				CLANG_ENABLE_MODULES = YES;
				CLANG_ENABLE_OBJC_ARC = YES;
				CLANG_ENABLE_OBJC_WEAK = YES;
				CLANG_WARN_BLOCK_CAPTURE_AUTORELEASING = YES;
				CLANG_WARN_BOOL_CONVERSION = YES;
				CLANG_WARN_COMMA = YES;
				CLANG_WARN_CONSTANT_CONVERSION = YES;
				CLANG_WARN_DEPRECATED_OBJC_IMPLEMENTATIONS = YES;
				CLANG_WARN_DIRECT_OBJC_ISA_USAGE = YES_ERROR;
				CLANG_WARN_DOCUMENTATION_COMMENTS = YES;
				CLANG_WARN_EMPTY_BODY = YES;
				CLANG_WARN_ENUM_CONVERSION = YES;
				CLANG_WARN_INFINITE_RECURSION = YES;
				CLANG_WARN_INT_CONVERSION = YES;
				CLANG_WARN_NON_LITERAL_NULL_CONVERSION = YES;
				CLANG_WARN_OBJC_IMPLICIT_RETAIN_SELF = YES;
				CLANG_WARN_OBJC_LITERAL_CONVERSION = YES;
				CLANG_WARN_OBJC_ROOT_CLASS = YES_ERROR;
				CLANG_WARN_RANGE_LOOP_ANALYSIS = YES;
				CLANG_WARN_STRICT_PROTOTYPES = YES;
				CLANG_WARN_SUSPICIOUS_MOVE = YES;
				CLANG_WARN_UNGUARDED_AVAILABILITY = YES_AGGRESSIVE;
				CLANG_WARN_UNREACHABLE_CODE = YES;
				CLANG_WARN__DUPLICATE_METHOD_MATCH = YES;
				CODE_SIGN_IDENTITY = "iPhone Developer";
				COPY_PHASE_STRIP = NO;
				DEBUG_INFORMATION_FORMAT = "dwarf-with-dsym";
				ENABLE_NS_ASSERTIONS = NO;
				ENABLE_STRICT_OBJC_MSGSEND = YES;
				GCC_C_LANGUAGE_STANDARD = gnu11;
				GCC_NO_COMMON_BLOCKS = YES;
				GCC_WARN_64_TO_32_BIT_CONVERSION = YES;
				GCC_WARN_ABOUT_RETURN_TYPE = YES_ERROR;
				GCC_WARN_UNDECLARED_SELECTOR = YES;
				GCC_WARN_UNINITIALIZED_AUTOS = YES_AGGRESSIVE;
				GCC_WARN_UNUSED_FUNCTION = YES;
				GCC_WARN_UNUSED_VARIABLE = YES;
				IPHONEOS_DEPLOYMENT_TARGET = 12.2;
				MTL_ENABLE_DEBUG_INFO = NO;
				MTL_FAST_MATH = YES;
				SDKROOT = iphoneos;
				SWIFT_COMPILATION_MODE = wholemodule;
				SWIFT_OPTIMIZATION_LEVEL = "-O";
				VALIDATE_PRODUCT = YES;
			};
			name = Release;
		};
		9707A2C122FE066700662F77 /* Debug */ = {
			isa = XCBuildConfiguration;
			buildSettings = {
				ASSETCATALOG_COMPILER_APPICON_NAME = AppIcon;
				CODE_SIGN_STYLE = Automatic;
				INFOPLIST_FILE = "practice for text outlets and actions/Info.plist";
				LD_RUNPATH_SEARCH_PATHS = (
					"$(inherited)",
					"@executable_path/Frameworks",
				);
				PRODUCT_BUNDLE_IDENTIFIER = "KWK.practice-for-text-outlets-and-actions";
				PRODUCT_NAME = "$(TARGET_NAME)";
				SWIFT_VERSION = 5.0;
				TARGETED_DEVICE_FAMILY = "1,2";
			};
			name = Debug;
		};
		9707A2C222FE066700662F77 /* Release */ = {
			isa = XCBuildConfiguration;
			buildSettings = {
				ASSETCATALOG_COMPILER_APPICON_NAME = AppIcon;
				CODE_SIGN_STYLE = Automatic;
				INFOPLIST_FILE = "practice for text outlets and actions/Info.plist";
				LD_RUNPATH_SEARCH_PATHS = (
					"$(inherited)",
					"@executable_path/Frameworks",
				);
				PRODUCT_BUNDLE_IDENTIFIER = "KWK.practice-for-text-outlets-and-actions";
				PRODUCT_NAME = "$(TARGET_NAME)";
				SWIFT_VERSION = 5.0;
				TARGETED_DEVICE_FAMILY = "1,2";
			};
			name = Release;
		};
		9707A2C422FE066700662F77 /* Debug */ = {
			isa = XCBuildConfiguration;
			buildSettings = {
				ALWAYS_EMBED_SWIFT_STANDARD_LIBRARIES = YES;
				BUNDLE_LOADER = "$(TEST_HOST)";
				CODE_SIGN_STYLE = Automatic;
				INFOPLIST_FILE = "practice for text outlets and actionsTests/Info.plist";
				LD_RUNPATH_SEARCH_PATHS = (
					"$(inherited)",
					"@executable_path/Frameworks",
					"@loader_path/Frameworks",
				);
				PRODUCT_BUNDLE_IDENTIFIER = "KWK.practice-for-text-outlets-and-actionsTests";
				PRODUCT_NAME = "$(TARGET_NAME)";
				SWIFT_VERSION = 5.0;
				TARGETED_DEVICE_FAMILY = "1,2";
				TEST_HOST = "$(BUILT_PRODUCTS_DIR)/practice for text outlets and actions.app/practice for text outlets and actions";
			};
			name = Debug;
		};
		9707A2C522FE066700662F77 /* Release */ = {
			isa = XCBuildConfiguration;
			buildSettings = {
				ALWAYS_EMBED_SWIFT_STANDARD_LIBRARIES = YES;
				BUNDLE_LOADER = "$(TEST_HOST)";
				CODE_SIGN_STYLE = Automatic;
				INFOPLIST_FILE = "practice for text outlets and actionsTests/Info.plist";
				LD_RUNPATH_SEARCH_PATHS = (
					"$(inherited)",
					"@executable_path/Frameworks",
					"@loader_path/Frameworks",
				);
				PRODUCT_BUNDLE_IDENTIFIER = "KWK.practice-for-text-outlets-and-actionsTests";
				PRODUCT_NAME = "$(TARGET_NAME)";
				SWIFT_VERSION = 5.0;
				TARGETED_DEVICE_FAMILY = "1,2";
				TEST_HOST = "$(BUILT_PRODUCTS_DIR)/practice for text outlets and actions.app/practice for text outlets and actions";
			};
			name = Release;
		};
		9707A2C722FE066700662F77 /* Debug */ = {
			isa = XCBuildConfiguration;
			buildSettings = {
				ALWAYS_EMBED_SWIFT_STANDARD_LIBRARIES = YES;
				CODE_SIGN_STYLE = Automatic;
				INFOPLIST_FILE = "practice for text outlets and actionsUITests/Info.plist";
				LD_RUNPATH_SEARCH_PATHS = (
					"$(inherited)",
					"@executable_path/Frameworks",
					"@loader_path/Frameworks",
				);
				PRODUCT_BUNDLE_IDENTIFIER = "KWK.practice-for-text-outlets-and-actionsUITests";
				PRODUCT_NAME = "$(TARGET_NAME)";
				SWIFT_VERSION = 5.0;
				TARGETED_DEVICE_FAMILY = "1,2";
				TEST_TARGET_NAME = "practice for text outlets and actions";
			};
			name = Debug;
		};
		9707A2C822FE066700662F77 /* Release */ = {
			isa = XCBuildConfiguration;
			buildSettings = {
				ALWAYS_EMBED_SWIFT_STANDARD_LIBRARIES = YES;
				CODE_SIGN_STYLE = Automatic;
				INFOPLIST_FILE = "practice for text outlets and actionsUITests/Info.plist";
				LD_RUNPATH_SEARCH_PATHS = (
					"$(inherited)",
					"@executable_path/Frameworks",
					"@loader_path/Frameworks",
				);
				PRODUCT_BUNDLE_IDENTIFIER = "KWK.practice-for-text-outlets-and-actionsUITests";
				PRODUCT_NAME = "$(TARGET_NAME)";
				SWIFT_VERSION = 5.0;
				TARGETED_DEVICE_FAMILY = "1,2";
				TEST_TARGET_NAME = "practice for text outlets and actions";
			};
			name = Release;
		};
/* End XCBuildConfiguration section */

/* Begin XCConfigurationList section */
		9707A29022FE066500662F77 /* Build configuration list for PBXProject "practice for text outlets and actions" */ = {
			isa = XCConfigurationList;
			buildConfigurations = (
				9707A2BE22FE066700662F77 /* Debug */,
				9707A2BF22FE066700662F77 /* Release */,
			);
			defaultConfigurationIsVisible = 0;
			defaultConfigurationName = Release;
		};
		9707A2C022FE066700662F77 /* Build configuration list for PBXNativeTarget "practice for text outlets and actions" */ = {
			isa = XCConfigurationList;
			buildConfigurations = (
				9707A2C122FE066700662F77 /* Debug */,
				9707A2C222FE066700662F77 /* Release */,
			);
			defaultConfigurationIsVisible = 0;
			defaultConfigurationName = Release;
		};
		9707A2C322FE066700662F77 /* Build configuration list for PBXNativeTarget "practice for text outlets and actionsTests" */ = {
			isa = XCConfigurationList;
			buildConfigurations = (
				9707A2C422FE066700662F77 /* Debug */,
				9707A2C522FE066700662F77 /* Release */,
			);
			defaultConfigurationIsVisible = 0;
			defaultConfigurationName = Release;
		};
		9707A2C622FE066700662F77 /* Build configuration list for PBXNativeTarget "practice for text outlets and actionsUITests" */ = {
			isa = XCConfigurationList;
			buildConfigurations = (
				9707A2C722FE066700662F77 /* Debug */,
				9707A2C822FE066700662F77 /* Release */,
			);
			defaultConfigurationIsVisible = 0;
			defaultConfigurationName = Release;
		};
/* End XCConfigurationList section */

/* Begin XCVersionGroup section */
		9707A29F22FE066500662F77 /* practice_for_text_outlets_and_actions.xcdatamodeld */ = {
			isa = XCVersionGroup;
			children = (
				9707A2A022FE066500662F77 /* practice_for_text_outlets_and_actions.xcdatamodel */,
			);
			currentVersion = 9707A2A022FE066500662F77 /* practice_for_text_outlets_and_actions.xcdatamodel */;
			path = practice_for_text_outlets_and_actions.xcdatamodeld;
			sourceTree = "<group>";
			versionGroupType = wrapper.xcdatamodel;
		};
/* End XCVersionGroup section */
	};
	rootObject = 9707A28D22FE066500662F77 /* Project object */;
}
